FORGE
  remote: https://forgeapi.puppetlabs.com
  specs:
    cintiadr-bamboo_agent (0.0.14)
      kayak-r9util (>= 0.0.3)
      puppetlabs-java (>= 0.2.0)
      puppetlabs-stdlib (>= 3.2.0)
    kayak-r9util (0.0.10)
      puppetlabs-stdlib (>= 3.2.0)
    maestrodev-wget (1.7.3)
    puppet-archive (3.2.0)
      puppetlabs-stdlib (< 6.0.0, >= 4.13.1)
    puppet-nodejs (6.0.0)
      puppetlabs-stdlib (< 6.0.0, >= 4.13.1)
    puppetlabs-apt (6.0.0)
      puppetlabs-stdlib (< 6.0.0, >= 4.16.0)
    puppetlabs-docker (2.0.0)
      puppetlabs-apt (>= 4.4.1)
      puppetlabs-powershell (>= 2.1.4)
      puppetlabs-reboot (>= 2.0.0)
      puppetlabs-stdlib (>= 4.24.0)
      puppetlabs-translate (<= 1.1.0, >= 0.0.1)
    puppetlabs-java (3.1.0)
      puppet-archive (< 4.0.0, >= 1.1.0)
      puppetlabs-stdlib (< 6.0.0, >= 4.13.1)
    puppetlabs-powershell (2.1.5)
    puppetlabs-reboot (2.0.0)
    puppetlabs-stdlib (5.0.0)
    puppetlabs-translate (1.1.0)

DEPENDENCIES
  cintiadr-bamboo_agent (>= 0)
  maestrodev-wget (>= 0)
  puppet-nodejs (>= 0)
  puppetlabs-apt (>= 0)
  puppetlabs-docker (>= 0)
  puppetlabs-stdlib (>= 0)

